// !$*UTF8*$!
{
	archiveVersion = 1;
	classes = {
	};
	objectVersion = 50;
	objects = {

/* Begin PBXBuildFile section */
		E4D62CFF22C3EAD300381B8E /* AppDelegate.m in Sources */ = {isa = PBXBuildFile; fileRef = E4D62CFE22C3EAD300381B8E /* AppDelegate.m */; };
		E4D62D0222C3EAD300381B8E /* ViewController.m in Sources */ = {isa = PBXBuildFile; fileRef = E4D62D0122C3EAD300381B8E /* ViewController.m */; };
		E4D62D0522C3EAD300381B8E /* Main.storyboard in Resources */ = {isa = PBXBuildFile; fileRef = E4D62D0322C3EAD300381B8E /* Main.storyboard */; };
		E4D62D0722C3EAD400381B8E /* Assets.xcassets in Resources */ = {isa = PBXBuildFile; fileRef = E4D62D0622C3EAD400381B8E /* Assets.xcassets */; };
		E4D62D0A22C3EAD400381B8E /* LaunchScreen.storyboard in Resources */ = {isa = PBXBuildFile; fileRef = E4D62D0822C3EAD400381B8E /* LaunchScreen.storyboard */; };
		E4D62D0D22C3EAD400381B8E /* main.m in Sources */ = {isa = PBXBuildFile; fileRef = E4D62D0C22C3EAD400381B8E /* main.m */; };
		E4D62D1722C3EAD400381B8E /* FlixTests.m in Sources */ = {isa = PBXBuildFile; fileRef = E4D62D1622C3EAD400381B8E /* FlixTests.m */; };
		E4D62D2222C3EAD400381B8E /* FlixUITests.m in Sources */ = {isa = PBXBuildFile; fileRef = E4D62D2122C3EAD400381B8E /* FlixUITests.m */; };
/* End PBXBuildFile section */

/* Begin PBXContainerItemProxy section */
		E4D62D1322C3EAD400381B8E /* PBXContainerItemProxy */ = {
			isa = PBXContainerItemProxy;
			containerPortal = E4D62CF222C3EAD300381B8E /* Project object */;
			proxyType = 1;
			remoteGlobalIDString = E4D62CF922C3EAD300381B8E;
			remoteInfo = Flix;
		};
		E4D62D1E22C3EAD400381B8E /* PBXContainerItemProxy */ = {
			isa = PBXContainerItemProxy;
			containerPortal = E4D62CF222C3EAD300381B8E /* Project object */;
			proxyType = 1;
			remoteGlobalIDString = E4D62CF922C3EAD300381B8E;
			remoteInfo = Flix;
		};
/* End PBXContainerItemProxy section */

/* Begin PBXFileReference section */
		E4D62CFA22C3EAD300381B8E /* Flix.app */ = {isa = PBXFileReference; explicitFileType = wrapper.application; includeInIndex = 0; path = Flix.app; sourceTree = BUILT_PRODUCTS_DIR; };
		E4D62CFD22C3EAD300381B8E /* AppDelegate.h */ = {isa = PBXFileReference; lastKnownFileType = sourcecode.c.h; path = AppDelegate.h; sourceTree = "<group>"; };
		E4D62CFE22C3EAD300381B8E /* AppDelegate.m */ = {isa = PBXFileReference; lastKnownFileType = sourcecode.c.objc; path = AppDelegate.m; sourceTree = "<group>"; };
		E4D62D0022C3EAD300381B8E /* ViewController.h */ = {isa = PBXFileReference; lastKnownFileType = sourcecode.c.h; path = ViewController.h; sourceTree = "<group>"; };
		E4D62D0122C3EAD300381B8E /* ViewController.m */ = {isa = PBXFileReference; lastKnownFileType = sourcecode.c.objc; path = ViewController.m; sourceTree = "<group>"; };
		E4D62D0422C3EAD300381B8E /* Base */ = {isa = PBXFileReference; lastKnownFileType = file.storyboard; name = Base; path = Base.lproj/Main.storyboard; sourceTree = "<group>"; };
		E4D62D0622C3EAD400381B8E /* Assets.xcassets */ = {isa = PBXFileReference; lastKnownFileType = folder.assetcatalog; path = Assets.xcassets; sourceTree = "<group>"; };
		E4D62D0922C3EAD400381B8E /* Base */ = {isa = PBXFileReference; lastKnownFileType = file.storyboard; name = Base; path = Base.lproj/LaunchScreen.storyboard; sourceTree = "<group>"; };
		E4D62D0B22C3EAD400381B8E /* Info.plist */ = {isa = PBXFileReference; lastKnownFileType = text.plist.xml; path = Info.plist; sourceTree = "<group>"; };
		E4D62D0C22C3EAD400381B8E /* main.m */ = {isa = PBXFileReference; lastKnownFileType = sourcecode.c.objc; path = main.m; sourceTree = "<group>"; };
		E4D62D1222C3EAD400381B8E /* FlixTests.xctest */ = {isa = PBXFileReference; explicitFileType = wrapper.cfbundle; includeInIndex = 0; path = FlixTests.xctest; sourceTree = BUILT_PRODUCTS_DIR; };
		E4D62D1622C3EAD400381B8E /* FlixTests.m */ = {isa = PBXFileReference; lastKnownFileType = sourcecode.c.objc; path = FlixTests.m; sourceTree = "<group>"; };
		E4D62D1822C3EAD400381B8E /* Info.plist */ = {isa = PBXFileReference; lastKnownFileType = text.plist.xml; path = Info.plist; sourceTree = "<group>"; };
		E4D62D1D22C3EAD400381B8E /* FlixUITests.xctest */ = {isa = PBXFileReference; explicitFileType = wrapper.cfbundle; includeInIndex = 0; path = FlixUITests.xctest; sourceTree = BUILT_PRODUCTS_DIR; };
		E4D62D2122C3EAD400381B8E /* FlixUITests.m */ = {isa = PBXFileReference; lastKnownFileType = sourcecode.c.objc; path = FlixUITests.m; sourceTree = "<group>"; };
		E4D62D2322C3EAD400381B8E /* Info.plist */ = {isa = PBXFileReference; lastKnownFileType = text.plist.xml; path = Info.plist; sourceTree = "<group>"; };
/* End PBXFileReference section */

/* Begin PBXFrameworksBuildPhase section */
		E4D62CF722C3EAD300381B8E /* Frameworks */ = {
			isa = PBXFrameworksBuildPhase;
			buildActionMask = 2147483647;
			files = (
			);
			runOnlyForDeploymentPostprocessing = 0;
		};
		E4D62D0F22C3EAD400381B8E /* Frameworks */ = {
			isa = PBXFrameworksBuildPhase;
			buildActionMask = 2147483647;
			files = (
			);
			runOnlyForDeploymentPostprocessing = 0;
		};
		E4D62D1A22C3EAD400381B8E /* Frameworks */ = {
			isa = PBXFrameworksBuildPhase;
			buildActionMask = 2147483647;
			files = (
			);
			runOnlyForDeploymentPostprocessing = 0;
		};
/* End PBXFrameworksBuildPhase section */

/* Begin PBXGroup section */
		E4D62CF122C3EAD300381B8E = {
			isa = PBXGroup;
			children = (
				E4D62CFC22C3EAD300381B8E /* Flix */,
				E4D62D1522C3EAD400381B8E /* FlixTests */,
				E4D62D2022C3EAD400381B8E /* FlixUITests */,
				E4D62CFB22C3EAD300381B8E /* Products */,
			);
			sourceTree = "<group>";
		};
		E4D62CFB22C3EAD300381B8E /* Products */ = {
			isa = PBXGroup;
			children = (
				E4D62CFA22C3EAD300381B8E /* Flix.app */,
				E4D62D1222C3EAD400381B8E /* FlixTests.xctest */,
				E4D62D1D22C3EAD400381B8E /* FlixUITests.xctest */,
			);
			name = Products;
			sourceTree = "<group>";
		};
		E4D62CFC22C3EAD300381B8E /* Flix */ = {
			isa = PBXGroup;
			children = (
				E4D62CFD22C3EAD300381B8E /* AppDelegate.h */,
				E4D62CFE22C3EAD300381B8E /* AppDelegate.m */,
				E4D62D0022C3EAD300381B8E /* ViewController.h */,
				E4D62D0122C3EAD300381B8E /* ViewController.m */,
				E4D62D0322C3EAD300381B8E /* Main.storyboard */,
				E4D62D0622C3EAD400381B8E /* Assets.xcassets */,
				E4D62D0822C3EAD400381B8E /* LaunchScreen.storyboard */,
				E4D62D0B22C3EAD400381B8E /* Info.plist */,
				E4D62D0C22C3EAD400381B8E /* main.m */,
			);
			path = Flix;
			sourceTree = "<group>";
		};
		E4D62D1522C3EAD400381B8E /* FlixTests */ = {
			isa = PBXGroup;
			children = (
				E4D62D1622C3EAD400381B8E /* FlixTests.m */,
				E4D62D1822C3EAD400381B8E /* Info.plist */,
			);
			path = FlixTests;
			sourceTree = "<group>";
		};
		E4D62D2022C3EAD400381B8E /* FlixUITests */ = {
			isa = PBXGroup;
			children = (
				E4D62D2122C3EAD400381B8E /* FlixUITests.m */,
				E4D62D2322C3EAD400381B8E /* Info.plist */,
			);
			path = FlixUITests;
			sourceTree = "<group>";
		};
/* End PBXGroup section */

/* Begin PBXNativeTarget section */
		E4D62CF922C3EAD300381B8E /* Flix */ = {
			isa = PBXNativeTarget;
			buildConfigurationList = E4D62D2622C3EAD400381B8E /* Build configuration list for PBXNativeTarget "Flix" */;
			buildPhases = (
				E4D62CF622C3EAD300381B8E /* Sources */,
				E4D62CF722C3EAD300381B8E /* Frameworks */,
				E4D62CF822C3EAD300381B8E /* Resources */,
			);
			buildRules = (
			);
			dependencies = (
			);
			name = Flix;
			productName = Flix;
			productReference = E4D62CFA22C3EAD300381B8E /* Flix.app */;
			productType = "com.apple.product-type.application";
		};
		E4D62D1122C3EAD400381B8E /* FlixTests */ = {
			isa = PBXNativeTarget;
			buildConfigurationList = E4D62D2922C3EAD400381B8E /* Build configuration list for PBXNativeTarget "FlixTests" */;
			buildPhases = (
				E4D62D0E22C3EAD400381B8E /* Sources */,
				E4D62D0F22C3EAD400381B8E /* Frameworks */,
				E4D62D1022C3EAD400381B8E /* Resources */,
			);
			buildRules = (
			);
			dependencies = (
				E4D62D1422C3EAD400381B8E /* PBXTargetDependency */,
			);
			name = FlixTests;
			productName = FlixTests;
			productReference = E4D62D1222C3EAD400381B8E /* FlixTests.xctest */;
			productType = "com.apple.product-type.bundle.unit-test";
		};
		E4D62D1C22C3EAD400381B8E /* FlixUITests */ = {
			isa = PBXNativeTarget;
			buildConfigurationList = E4D62D2C22C3EAD400381B8E /* Build configuration list for PBXNativeTarget "FlixUITests" */;
			buildPhases = (
				E4D62D1922C3EAD400381B8E /* Sources */,
				E4D62D1A22C3EAD400381B8E /* Frameworks */,
				E4D62D1B22C3EAD400381B8E /* Resources */,
			);
			buildRules = (
			);
			dependencies = (
				E4D62D1F22C3EAD400381B8E /* PBXTargetDependency */,
			);
			name = FlixUITests;
			productName = FlixUITests;
			productReference = E4D62D1D22C3EAD400381B8E /* FlixUITests.xctest */;
			productType = "com.apple.product-type.bundle.ui-testing";
		};
/* End PBXNativeTarget section */

/* Begin PBXProject section */
		E4D62CF222C3EAD300381B8E /* Project object */ = {
			isa = PBXProject;
			attributes = {
				LastUpgradeCheck = 1020;
				ORGANIZATIONNAME = codepath;
				TargetAttributes = {
					E4D62CF922C3EAD300381B8E = {
						CreatedOnToolsVersion = 10.2.1;
					};
					E4D62D1122C3EAD400381B8E = {
						CreatedOnToolsVersion = 10.2.1;
						TestTargetID = E4D62CF922C3EAD300381B8E;
					};
					E4D62D1C22C3EAD400381B8E = {
						CreatedOnToolsVersion = 10.2.1;
						TestTargetID = E4D62CF922C3EAD300381B8E;
					};
				};
			};
			buildConfigurationList = E4D62CF522C3EAD300381B8E /* Build configuration list for PBXProject "Flix" */;
			compatibilityVersion = "Xcode 9.3";
			developmentRegion = en;
			hasScannedForEncodings = 0;
			knownRegions = (
				en,
				Base,
			);
			mainGroup = E4D62CF122C3EAD300381B8E;
			productRefGroup = E4D62CFB22C3EAD300381B8E /* Products */;
			projectDirPath = "";
			projectRoot = "";
			targets = (
				E4D62CF922C3EAD300381B8E /* Flix */,
				E4D62D1122C3EAD400381B8E /* FlixTests */,
				E4D62D1C22C3EAD400381B8E /* FlixUITests */,
			);
		};
/* End PBXProject section */

/* Begin PBXResourcesBuildPhase section */
		E4D62CF822C3EAD300381B8E /* Resources */ = {
			isa = PBXResourcesBuildPhase;
			buildActionMask = 2147483647;
			files = (
				E4D62D0A22C3EAD400381B8E /* LaunchScreen.storyboard in Resources */,
				E4D62D0722C3EAD400381B8E /* Assets.xcassets in Resources */,
				E4D62D0522C3EAD300381B8E /* Main.storyboard in Resources */,
			);
			runOnlyForDeploymentPostprocessing = 0;
		};
		E4D62D1022C3EAD400381B8E /* Resources */ = {
			isa = PBXResourcesBuildPhase;
			buildActionMask = 2147483647;
			files = (
			);
			runOnlyForDeploymentPostprocessing = 0;
		};
		E4D62D1B22C3EAD400381B8E /* Resources */ = {
			isa = PBXResourcesBuildPhase;
			buildActionMask = 2147483647;
			files = (
			);
			runOnlyForDeploymentPostprocessing = 0;
		};
/* End PBXResourcesBuildPhase section */

/* Begin PBXSourcesBuildPhase section */
		E4D62CF622C3EAD300381B8E /* Sources */ = {
			isa = PBXSourcesBuildPhase;
			buildActionMask = 2147483647;
			files = (
				E4D62D0222C3EAD300381B8E /* ViewController.m in Sources */,
				E4D62D0D22C3EAD400381B8E /* main.m in Sources */,
				E4D62CFF22C3EAD300381B8E /* AppDelegate.m in Sources */,
			);
			runOnlyForDeploymentPostprocessing = 0;
		};
		E4D62D0E22C3EAD400381B8E /* Sources */ = {
			isa = PBXSourcesBuildPhase;
			buildActionMask = 2147483647;
			files = (
				E4D62D1722C3EAD400381B8E /* FlixTests.m in Sources */,
			);
			runOnlyForDeploymentPostprocessing = 0;
		};
		E4D62D1922C3EAD400381B8E /* Sources */ = {
			isa = PBXSourcesBuildPhase;
			buildActionMask = 2147483647;
			files = (
				E4D62D2222C3EAD400381B8E /* FlixUITests.m in Sources */,
			);
			runOnlyForDeploymentPostprocessing = 0;
		};
/* End PBXSourcesBuildPhase section */

/* Begin PBXTargetDependency section */
		E4D62D1422C3EAD400381B8E /* PBXTargetDependency */ = {
			isa = PBXTargetDependency;
			target = E4D62CF922C3EAD300381B8E /* Flix */;
			targetProxy = E4D62D1322C3EAD400381B8E /* PBXContainerItemProxy */;
		};
		E4D62D1F22C3EAD400381B8E /* PBXTargetDependency */ = {
			isa = PBXTargetDependency;
			target = E4D62CF922C3EAD300381B8E /* Flix */;
			targetProxy = E4D62D1E22C3EAD400381B8E /* PBXContainerItemProxy */;
		};
/* End PBXTargetDependency section */

/* Begin PBXVariantGroup section */
		E4D62D0322C3EAD300381B8E /* Main.storyboard */ = {
			isa = PBXVariantGroup;
			children = (
				E4D62D0422C3EAD300381B8E /* Base */,
			);
			name = Main.storyboard;
			sourceTree = "<group>";
		};
		E4D62D0822C3EAD400381B8E /* LaunchScreen.storyboard */ = {
			isa = PBXVariantGroup;
			children = (
				E4D62D0922C3EAD400381B8E /* Base */,
			);
			name = LaunchScreen.storyboard;
			sourceTree = "<group>";
		};
/* End PBXVariantGroup section */

/* Begin XCBuildConfiguration section */
		E4D62D2422C3EAD400381B8E /* Debug */ = {
			isa = XCBuildConfiguration;
			buildSettings = {
				ALWAYS_SEARCH_USER_PATHS = NO;
				CLANG_ANALYZER_NONNULL = YES;
				CLANG_ANALYZER_NUMBER_OBJECT_CONVERSION = YES_AGGRESSIVE;
				CLANG_CXX_LANGUAGE_STANDARD = "gnu++14";
				CLANG_CXX_LIBRARY = "libc++";
				CLANG_ENABLE_MODULES = YES;
				CLANG_ENABLE_OBJC_ARC = YES;
				CLANG_ENABLE_OBJC_WEAK = YES;
				CLANG_WARN_BLOCK_CAPTURE_AUTORELEASING = YES;
				CLANG_WARN_BOOL_CONVERSION = YES;
				CLANG_WARN_COMMA = YES;
				CLANG_WARN_CONSTANT_CONVERSION = YES;
				CLANG_WARN_DEPRECATED_OBJC_IMPLEMENTATIONS = YES;
				CLANG_WARN_DIRECT_OBJC_ISA_USAGE = YES_ERROR;
				CLANG_WARN_DOCUMENTATION_COMMENTS = YES;
				CLANG_WARN_EMPTY_BODY = YES;
				CLANG_WARN_ENUM_CONVERSION = YES;
				CLANG_WARN_INFINITE_RECURSION = YES;
				CLANG_WARN_INT_CONVERSION = YES;
				CLANG_WARN_NON_LITERAL_NULL_CONVERSION = YES;
				CLANG_WARN_OBJC_IMPLICIT_RETAIN_SELF = YES;
				CLANG_WARN_OBJC_LITERAL_CONVERSION = YES;
				CLANG_WARN_OBJC_ROOT_CLASS = YES_ERROR;
				CLANG_WARN_RANGE_LOOP_ANALYSIS = YES;
				CLANG_WARN_STRICT_PROTOTYPES = YES;
				CLANG_WARN_SUSPICIOUS_MOVE = YES;
				CLANG_WARN_UNGUARDED_AVAILABILITY = YES_AGGRESSIVE;
				CLANG_WARN_UNREACHABLE_CODE = YES;
				CLANG_WARN__DUPLICATE_METHOD_MATCH = YES;
				CODE_SIGN_IDENTITY = "iPhone Developer";
				COPY_PHASE_STRIP = NO;
				DEBUG_INFORMATION_FORMAT = dwarf;
				ENABLE_STRICT_OBJC_MSGSEND = YES;
				ENABLE_TESTABILITY = YES;
				GCC_C_LANGUAGE_STANDARD = gnu11;
				GCC_DYNAMIC_NO_PIC = NO;
				GCC_NO_COMMON_BLOCKS = YES;
				GCC_OPTIMIZATION_LEVEL = 0;
				GCC_PREPROCESSOR_DEFINITIONS = (
					"DEBUG=1",
					"$(inherited)",
				);
				GCC_WARN_64_TO_32_BIT_CONVERSION = YES;
				GCC_WARN_ABOUT_RETURN_TYPE = YES_ERROR;
				GCC_WARN_UNDECLARED_SELECTOR = YES;
				GCC_WARN_UNINITIALIZED_AUTOS = YES_AGGRESSIVE;
				GCC_WARN_UNUSED_FUNCTION = YES;
				GCC_WARN_UNUSED_VARIABLE = YES;
				IPHONEOS_DEPLOYMENT_TARGET = 12.2;
				MTL_ENABLE_DEBUG_INFO = INCLUDE_SOURCE;
				MTL_FAST_MATH = YES;
				ONLY_ACTIVE_ARCH = YES;
				SDKROOT = iphoneos;
			};
			name = Debug;
		};
		E4D62D2522C3EAD400381B8E /* Release */ = {
			isa = XCBuildConfiguration;
			buildSettings = {
				ALWAYS_SEARCH_USER_PATHS = NO;
				CLANG_ANALYZER_NONNULL = YES;
				CLANG_ANALYZER_NUMBER_OBJECT_CONVERSION = YES_AGGRESSIVE;
				CLANG_CXX_LANGUAGE_STANDARD = "gnu++14";
				CLANG_CXX_LIBRARY = "libc++";
				CLANG_ENABLE_MODULES = YES;
				CLANG_ENABLE_OBJC_ARC = YES;
				CLANG_ENABLE_OBJC_WEAK = YES;
				CLANG_WARN_BLOCK_CAPTURE_AUTORELEASING = YES;
				CLANG_WARN_BOOL_CONVERSION = YES;
				CLANG_WARN_COMMA = YES;
				CLANG_WARN_CONSTANT_CONVERSION = YES;
				CLANG_WARN_DEPRECATED_OBJC_IMPLEMENTATIONS = YES;
				CLANG_WARN_DIRECT_OBJC_ISA_USAGE = YES_ERROR;
				CLANG_WARN_DOCUMENTATION_COMMENTS = YES;
				CLANG_WARN_EMPTY_BODY = YES;
				CLANG_WARN_ENUM_CONVERSION = YES;
				CLANG_WARN_INFINITE_RECURSION = YES;
				CLANG_WARN_INT_CONVERSION = YES;
				CLANG_WARN_NON_LITERAL_NULL_CONVERSION = YES;
				CLANG_WARN_OBJC_IMPLICIT_RETAIN_SELF = YES;
				CLANG_WARN_OBJC_LITERAL_CONVERSION = YES;
				CLANG_WARN_OBJC_ROOT_CLASS = YES_ERROR;
				CLANG_WARN_RANGE_LOOP_ANALYSIS = YES;
				CLANG_WARN_STRICT_PROTOTYPES = YES;
				CLANG_WARN_SUSPICIOUS_MOVE = YES;
				CLANG_WARN_UNGUARDED_AVAILABILITY = YES_AGGRESSIVE;
				CLANG_WARN_UNREACHABLE_CODE = YES;
				CLANG_WARN__DUPLICATE_METHOD_MATCH = YES;
				CODE_SIGN_IDENTITY = "iPhone Developer";
				COPY_PHASE_STRIP = NO;
				DEBUG_INFORMATION_FORMAT = "dwarf-with-dsym";
				ENABLE_NS_ASSERTIONS = NO;
				ENABLE_STRICT_OBJC_MSGSEND = YES;
				GCC_C_LANGUAGE_STANDARD = gnu11;
				GCC_NO_COMMON_BLOCKS = YES;
				GCC_WARN_64_TO_32_BIT_CONVERSION = YES;
				GCC_WARN_ABOUT_RETURN_TYPE = YES_ERROR;
				GCC_WARN_UNDECLARED_SELECTOR = YES;
				GCC_WARN_UNINITIALIZED_AUTOS = YES_AGGRESSIVE;
				GCC_WARN_UNUSED_FUNCTION = YES;
				GCC_WARN_UNUSED_VARIABLE = YES;
				IPHONEOS_DEPLOYMENT_TARGET = 12.2;
				MTL_ENABLE_DEBUG_INFO = NO;
				MTL_FAST_MATH = YES;
				SDKROOT = iphoneos;
				VALIDATE_PRODUCT = YES;
			};
			name = Release;
		};
		E4D62D2722C3EAD400381B8E /* Debug */ = {
			isa = XCBuildConfiguration;
			buildSettings = {
				ASSETCATALOG_COMPILER_APPICON_NAME = AppIcon;
				CODE_SIGN_STYLE = Automatic;
				DEVELOPMENT_TEAM = Q4NHH2KW4M;
				INFOPLIST_FILE = Flix/Info.plist;
				LD_RUNPATH_SEARCH_PATHS = (
					"$(inherited)",
					"@executable_path/Frameworks",
				);
				PRODUCT_BUNDLE_IDENTIFIER = com.festusojo123.Flix;
				PRODUCT_NAME = "$(TARGET_NAME)";
				TARGETED_DEVICE_FAMILY = "1,2";
			};
			name = Debug;
		};
		E4D62D2822C3EAD400381B8E /* Release */ = {
			isa = XCBuildConfiguration;
			buildSettings = {
				ASSETCATALOG_COMPILER_APPICON_NAME = AppIcon;
				CODE_SIGN_STYLE = Automatic;
				DEVELOPMENT_TEAM = Q4NHH2KW4M;
				INFOPLIST_FILE = Flix/Info.plist;
				LD_RUNPATH_SEARCH_PATHS = (
					"$(inherited)",
					"@executable_path/Frameworks",
				);
				PRODUCT_BUNDLE_IDENTIFIER = com.festusojo123.Flix;
				PRODUCT_NAME = "$(TARGET_NAME)";
				TARGETED_DEVICE_FAMILY = "1,2";
			};
			name = Release;
		};
		E4D62D2A22C3EAD400381B8E /* Debug */ = {
			isa = XCBuildConfiguration;
			buildSettings = {
				BUNDLE_LOADER = "$(TEST_HOST)";
				CODE_SIGN_STYLE = Automatic;
				DEVELOPMENT_TEAM = Q4NHH2KW4M;
				INFOPLIST_FILE = FlixTests/Info.plist;
				LD_RUNPATH_SEARCH_PATHS = (
					"$(inherited)",
					"@executable_path/Frameworks",
					"@loader_path/Frameworks",
				);
				PRODUCT_BUNDLE_IDENTIFIER = com.festusojo123.FlixTests;
				PRODUCT_NAME = "$(TARGET_NAME)";
				TARGETED_DEVICE_FAMILY = "1,2";
				TEST_HOST = "$(BUILT_PRODUCTS_DIR)/Flix.app/Flix";
			};
			name = Debug;
		};
		E4D62D2B22C3EAD400381B8E /* Release */ = {
			isa = XCBuildConfiguration;
			buildSettings = {
				BUNDLE_LOADER = "$(TEST_HOST)";
				CODE_SIGN_STYLE = Automatic;
				DEVELOPMENT_TEAM = Q4NHH2KW4M;
				INFOPLIST_FILE = FlixTests/Info.plist;
				LD_RUNPATH_SEARCH_PATHS = (
					"$(inherited)",
					"@executable_path/Frameworks",
					"@loader_path/Frameworks",
				);
				PRODUCT_BUNDLE_IDENTIFIER = com.festusojo123.FlixTests;
				PRODUCT_NAME = "$(TARGET_NAME)";
				TARGETED_DEVICE_FAMILY = "1,2";
				TEST_HOST = "$(BUILT_PRODUCTS_DIR)/Flix.app/Flix";
			};
			name = Release;
		};
		E4D62D2D22C3EAD400381B8E /* Debug */ = {
			isa = XCBuildConfiguration;
			buildSettings = {
				CODE_SIGN_STYLE = Automatic;
				DEVELOPMENT_TEAM = Q4NHH2KW4M;
				INFOPLIST_FILE = FlixUITests/Info.plist;
				LD_RUNPATH_SEARCH_PATHS = (
					"$(inherited)",
					"@executable_path/Frameworks",
					"@loader_path/Frameworks",
				);
				PRODUCT_BUNDLE_IDENTIFIER = com.festusojo123.FlixUITests;
				PRODUCT_NAME = "$(TARGET_NAME)";
				TARGETED_DEVICE_FAMILY = "1,2";
				TEST_TARGET_NAME = Flix;
			};
			name = Debug;
		};
		E4D62D2E22C3EAD400381B8E /* Release */ = {
			isa = XCBuildConfiguration;
			buildSettings = {
				CODE_SIGN_STYLE = Automatic;
				DEVELOPMENT_TEAM = Q4NHH2KW4M;
				INFOPLIST_FILE = FlixUITests/Info.plist;
				LD_RUNPATH_SEARCH_PATHS = (
					"$(inherited)",
					"@executable_path/Frameworks",
					"@loader_path/Frameworks",
				);
				PRODUCT_BUNDLE_IDENTIFIER = com.festusojo123.FlixUITests;
				PRODUCT_NAME = "$(TARGET_NAME)";
				TARGETED_DEVICE_FAMILY = "1,2";
				TEST_TARGET_NAME = Flix;
			};
			name = Release;
		};
/* End XCBuildConfiguration section */

/* Begin XCConfigurationList section */
		E4D62CF522C3EAD300381B8E /* Build configuration list for PBXProject "Flix" */ = {
			isa = XCConfigurationList;
			buildConfigurations = (
				E4D62D2422C3EAD400381B8E /* Debug */,
				E4D62D2522C3EAD400381B8E /* Release */,
			);
			defaultConfigurationIsVisible = 0;
			defaultConfigurationName = Release;
		};
		E4D62D2622C3EAD400381B8E /* Build configuration list for PBXNativeTarget "Flix" */ = {
			isa = XCConfigurationList;
			buildConfigurations = (
				E4D62D2722C3EAD400381B8E /* Debug */,
				E4D62D2822C3EAD400381B8E /* Release */,
			);
			defaultConfigurationIsVisible = 0;
			defaultConfigurationName = Release;
		};
		E4D62D2922C3EAD400381B8E /* Build configuration list for PBXNativeTarget "FlixTests" */ = {
			isa = XCConfigurationList;
			buildConfigurations = (
				E4D62D2A22C3EAD400381B8E /* Debug */,
				E4D62D2B22C3EAD400381B8E /* Release */,
			);
			defaultConfigurationIsVisible = 0;
			defaultConfigurationName = Release;
		};
		E4D62D2C22C3EAD400381B8E /* Build configuration list for PBXNativeTarget "FlixUITests" */ = {
			isa = XCConfigurationList;
			buildConfigurations = (
				E4D62D2D22C3EAD400381B8E /* Debug */,
				E4D62D2E22C3EAD400381B8E /* Release */,
			);
			defaultConfigurationIsVisible = 0;
			defaultConfigurationName = Release;
		};
/* End XCConfigurationList section */
	};
	rootObject = E4D62CF222C3EAD300381B8E /* Project object */;
}
